
Microsoft Visual Studio Solution File, Format Version 12.00
Project("{FAE04EC0-301F-11D3-BF4B-00C04F79EFBC}") = "Blazor", "Blazor\Blazor.csproj", "{DE4BF8CE-783B-4B25-877B-1CD3FF89E6AE}"
EndProject
Project("{FAE04EC0-301F-11D3-BF4B-00C04F79EFBC}") = "WebAPI", "WebAPI\WebAPI.csproj", "{DE5C07F0-E753-4698-B76B-FF8826B1E7D4}"
EndProject
Project("{FAE04EC0-301F-11D3-BF4B-00C04F79EFBC}") = "EFC", "EFC\EFC.csproj", "{A8E812D1-B0B2-4E63-9778-0E1B4BD74DF7}"
EndProject
Global
	GlobalSection(SolutionConfigurationPlatforms) = preSolution
		Debug|Any CPU = Debug|Any CPU
		Release|Any CPU = Release|Any CPU
	EndGlobalSection
	GlobalSection(ProjectConfigurationPlatforms) = postSolution
		{DE4BF8CE-783B-4B25-877B-1CD3FF89E6AE}.Debug|Any CPU.ActiveCfg = Debug|Any CPU
		{DE4BF8CE-783B-4B25-877B-1CD3FF89E6AE}.Debug|Any CPU.Build.0 = Debug|Any CPU
		{DE4BF8CE-783B-4B25-877B-1CD3FF89E6AE}.Release|Any CPU.ActiveCfg = Release|Any CPU
		{DE4BF8CE-783B-4B25-877B-1CD3FF89E6AE}.Release|Any CPU.Build.0 = Release|Any CPU
		{DE5C07F0-E753-4698-B76B-FF8826B1E7D4}.Debug|Any CPU.ActiveCfg = Debug|Any CPU
		{DE5C07F0-E753-4698-B76B-FF8826B1E7D4}.Debug|Any CPU.Build.0 = Debug|Any CPU
		{DE5C07F0-E753-4698-B76B-FF8826B1E7D4}.Release|Any CPU.ActiveCfg = Release|Any CPU
		{DE5C07F0-E753-4698-B76B-FF8826B1E7D4}.Release|Any CPU.Build.0 = Release|Any CPU
		{A8E812D1-B0B2-4E63-9778-0E1B4BD74DF7}.Debug|Any CPU.ActiveCfg = Debug|Any CPU
		{A8E812D1-B0B2-4E63-9778-0E1B4BD74DF7}.Debug|Any CPU.Build.0 = Debug|Any CPU
		{A8E812D1-B0B2-4E63-9778-0E1B4BD74DF7}.Release|Any CPU.ActiveCfg = Release|Any CPU
		{A8E812D1-B0B2-4E63-9778-0E1B4BD74DF7}.Release|Any CPU.Build.0 = Release|Any CPU
	EndGlobalSection
EndGlobal
